<?xml version="1.0" encoding="utf-8"?>
<Project ToolsVersion="4.0" xmlns="http://schemas.microsoft.com/developer/msbuild/2003">
  <ItemGroup>
    <Filter Include="Source Files">
      <UniqueIdentifier>{4FC737F1-C7A5-4376-A066-2A32D752A2FF}</UniqueIdentifier>
      <Extensions>cpp;c;cc;cxx;c++;cppm;ixx;def;odl;idl;hpj;bat;asm;asmx</Extensions>
    </Filter>
    <Filter Include="Header Files">
      <UniqueIdentifier>{93995380-89BD-4b04-88EB-625FBE52EBFB}</UniqueIdentifier>
      <Extensions>h;hh;hpp;hxx;h++;hm;inl;inc;ipp;xsd</Extensions>
    </Filter>
    <Filter Include="Source Files\shaders">
      <UniqueIdentifier>{59989bf8-58a5-488c-98c1-9930192e4cef}</UniqueIdentifier>
    </Filter>
  </ItemGroup>
  <ItemGroup>
    <ClInclude Include="..\..\..\include\cugl\physics2\lights\cu_physics2_lights.h">
      <Filter>Header Files</Filter>
    </ClInclude>
    <ClInclude Include="..\..\..\include\cugl\physics2\lights\CUChainLight.h">
      <Filter>Header Files</Filter>
    </ClInclude>
    <ClInclude Include="..\..\..\include\cugl\physics2\lights\CUConeLight.h">
      <Filter>Header Files</Filter>
    </ClInclude>
    <ClInclude Include="..\..\..\include\cugl\physics2\lights\CUDirectionalLight.h">
      <Filter>Header Files</Filter>
    </ClInclude>
    <ClInclude Include="..\..\..\include\cugl\physics2\lights\CULight.h">
      <Filter>Header Files</Filter>
    </ClInclude>
    <ClInclude Include="..\..\..\include\cugl\physics2\lights\CULightBatch.h">
      <Filter>Header Files</Filter>
    </ClInclude>
    <ClInclude Include="..\..\..\include\cugl\physics2\lights\CULightMap.h">
      <Filter>Header Files</Filter>
    </ClInclude>
    <ClInclude Include="..\..\..\include\cugl\physics2\lights\CUPointLight.h">
      <Filter>Header Files</Filter>
    </ClInclude>
  </ItemGroup>
  <ItemGroup>
    <ClCompile Include="..\..\..\source\physics2\lights\CUChainLight.cpp">
      <Filter>Source Files</Filter>
    </ClCompile>
    <ClCompile Include="..\..\..\source\physics2\lights\CUConeLight.cpp">
      <Filter>Source Files</Filter>
    </ClCompile>
    <ClCompile Include="..\..\..\source\physics2\lights\CUDirectionalLight.cpp">
      <Filter>Source Files</Filter>
    </ClCompile>
    <ClCompile Include="..\..\..\source\physics2\lights\CULight.cpp">
      <Filter>Source Files</Filter>
    </ClCompile>
    <ClCompile Include="..\..\..\source\physics2\lights\CULightBatch.cpp">
      <Filter>Source Files</Filter>
    </ClCompile>
    <ClCompile Include="..\..\..\source\physics2\lights\CULightMap.cpp">
      <Filter>Source Files</Filter>
    </ClCompile>
    <ClCompile Include="..\..\..\source\physics2\lights\CUPointLight.cpp">
      <Filter>Source Files</Filter>
    </ClCompile>
  </ItemGroup>
  <ItemGroup>
    <None Include="..\..\..\source\physics2\lights\shaders\Gaussian.frag">
      <Filter>Source Files\shaders</Filter>
    </None>
    <None Include="..\..\..\source\physics2\lights\shaders\Gaussian.vert">
      <Filter>Source Files\shaders</Filter>
    </None>
    <None Include="..\..\..\source\physics2\lights\shaders\LightShader.frag">
      <Filter>Source Files\shaders</Filter>
    </None>
    <None Include="..\..\..\source\physics2\lights\shaders\LightShader.vert">
      <Filter>Source Files\shaders</Filter>
    </None>
    <None Include="..\..\..\source\physics2\lights\shaders\ShadowShader.frag">
      <Filter>Source Files\shaders</Filter>
    </None>
    <None Include="..\..\..\source\physics2\lights\shaders\ShadowShader.vert">
      <Filter>Source Files\shaders</Filter>
    </None>
  </ItemGroup>
</Project>